// !$*UTF8*$!
{
	archiveVersion = 1;
	classes = {
	};
	objectVersion = 55;
	objects = {

/* Begin PBXBuildFile section */
		BFC1CDF9278C82540033E3DA /* ui_swift_appApp.swift in Sources */ = {isa = PBXBuildFile; fileRef = BFC1CDF8278C82540033E3DA /* ui_swift_appApp.swift */; };
		BFC1CDFB278C82540033E3DA /* ContentView.swift in Sources */ = {isa = PBXBuildFile; fileRef = BFC1CDFA278C82540033E3DA /* ContentView.swift */; };
		BFC1CDFD278C82560033E3DA /* Assets.xcassets in Resources */ = {isa = PBXBuildFile; fileRef = BFC1CDFC278C82560033E3DA /* Assets.xcassets */; };
		BFC1CE00278C82560033E3DA /* Preview Assets.xcassets in Resources */ = {isa = PBXBuildFile; fileRef = BFC1CDFF278C82560033E3DA /* Preview Assets.xcassets */; };
		BFC1CE07278CC6B90033E3DA /* MenuView.swift in Sources */ = {isa = PBXBuildFile; fileRef = BFC1CE06278CC6B90033E3DA /* MenuView.swift */; };
		BFDFD0A6278DB55000684C4A /* homeView.swift in Sources */ = {isa = PBXBuildFile; fileRef = BFDFD0A5278DB55000684C4A /* homeView.swift */; };
		BFDFD0A8278DBF6D00684C4A /* homeMain.swift in Sources */ = {isa = PBXBuildFile; fileRef = BFDFD0A7278DBF6D00684C4A /* homeMain.swift */; };
		BFDFD0AA278DD1BF00684C4A /* RingView.swift in Sources */ = {isa = PBXBuildFile; fileRef = BFDFD0A9278DD1BF00684C4A /* RingView.swift */; };
/* End PBXBuildFile section */

/* Begin PBXFileReference section */
		BFC1CDF5278C82540033E3DA /* ui swift app.app */ = {isa = PBXFileReference; explicitFileType = wrapper.application; includeInIndex = 0; path = "ui swift app.app"; sourceTree = BUILT_PRODUCTS_DIR; };
		BFC1CDF8278C82540033E3DA /* ui_swift_appApp.swift */ = {isa = PBXFileReference; lastKnownFileType = sourcecode.swift; path = ui_swift_appApp.swift; sourceTree = "<group>"; };
		BFC1CDFA278C82540033E3DA /* ContentView.swift */ = {isa = PBXFileReference; lastKnownFileType = sourcecode.swift; path = ContentView.swift; sourceTree = "<group>"; };
		BFC1CDFC278C82560033E3DA /* Assets.xcassets */ = {isa = PBXFileReference; lastKnownFileType = folder.assetcatalog; path = Assets.xcassets; sourceTree = "<group>"; };
		BFC1CDFF278C82560033E3DA /* Preview Assets.xcassets */ = {isa = PBXFileReference; lastKnownFileType = folder.assetcatalog; path = "Preview Assets.xcassets"; sourceTree = "<group>"; };
		BFC1CE06278CC6B90033E3DA /* MenuView.swift */ = {isa = PBXFileReference; lastKnownFileType = sourcecode.swift; path = MenuView.swift; sourceTree = "<group>"; };
		BFDFD0A5278DB55000684C4A /* homeView.swift */ = {isa = PBXFileReference; lastKnownFileType = sourcecode.swift; path = homeView.swift; sourceTree = "<group>"; };
		BFDFD0A7278DBF6D00684C4A /* homeMain.swift */ = {isa = PBXFileReference; lastKnownFileType = sourcecode.swift; path = homeMain.swift; sourceTree = "<group>"; };
		BFDFD0A9278DD1BF00684C4A /* RingView.swift */ = {isa = PBXFileReference; lastKnownFileType = sourcecode.swift; path = RingView.swift; sourceTree = "<group>"; };
/* End PBXFileReference section */

/* Begin PBXFrameworksBuildPhase section */
		BFC1CDF2278C82540033E3DA /* Frameworks */ = {
			isa = PBXFrameworksBuildPhase;
			buildActionMask = 2147483647;
			files = (
			);
			runOnlyForDeploymentPostprocessing = 0;
		};
/* End PBXFrameworksBuildPhase section */

/* Begin PBXGroup section */
		BFC1CDEC278C82540033E3DA = {
			isa = PBXGroup;
			children = (
				BFC1CDF7278C82540033E3DA /* ui swift app */,
				BFC1CDF6278C82540033E3DA /* Products */,
			);
			sourceTree = "<group>";
		};
		BFC1CDF6278C82540033E3DA /* Products */ = {
			isa = PBXGroup;
			children = (
				BFC1CDF5278C82540033E3DA /* ui swift app.app */,
			);
			name = Products;
			sourceTree = "<group>";
		};
		BFC1CDF7278C82540033E3DA /* ui swift app */ = {
			isa = PBXGroup;
			children = (
				BFC1CDF8278C82540033E3DA /* ui_swift_appApp.swift */,
				BFC1CDFA278C82540033E3DA /* ContentView.swift */,
				BFC1CE06278CC6B90033E3DA /* MenuView.swift */,
				BFDFD0A9278DD1BF00684C4A /* RingView.swift */,
				BFDFD0A5278DB55000684C4A /* homeView.swift */,
				BFDFD0A7278DBF6D00684C4A /* homeMain.swift */,
				BFC1CDFC278C82560033E3DA /* Assets.xcassets */,
				BFC1CDFE278C82560033E3DA /* Preview Content */,
			);
			path = "ui swift app";
			sourceTree = "<group>";
		};
		BFC1CDFE278C82560033E3DA /* Preview Content */ = {
			isa = PBXGroup;
			children = (
				BFC1CDFF278C82560033E3DA /* Preview Assets.xcassets */,
			);
			path = "Preview Content";
			sourceTree = "<group>";
		};
/* End PBXGroup section */

/* Begin PBXNativeTarget section */
		BFC1CDF4278C82540033E3DA /* ui swift app */ = {
			isa = PBXNativeTarget;
			buildConfigurationList = BFC1CE03278C82560033E3DA /* Build configuration list for PBXNativeTarget "ui swift app" */;
			buildPhases = (
				BFC1CDF1278C82540033E3DA /* Sources */,
				BFC1CDF2278C82540033E3DA /* Frameworks */,
				BFC1CDF3278C82540033E3DA /* Resources */,
			);
			buildRules = (
			);
			dependencies = (
			);
			name = "ui swift app";
			productName = "ui swift app";
			productReference = BFC1CDF5278C82540033E3DA /* ui swift app.app */;
			productType = "com.apple.product-type.application";
		};
/* End PBXNativeTarget section */

/* Begin PBXProject section */
		BFC1CDED278C82540033E3DA /* Project object */ = {
			isa = PBXProject;
			attributes = {
				BuildIndependentTargetsInParallel = 1;
				LastSwiftUpdateCheck = 1320;
				LastUpgradeCheck = 1320;
				TargetAttributes = {
					BFC1CDF4278C82540033E3DA = {
						CreatedOnToolsVersion = 13.2.1;
					};
				};
			};
			buildConfigurationList = BFC1CDF0278C82540033E3DA /* Build configuration list for PBXProject "ui swift app" */;
			compatibilityVersion = "Xcode 13.0";
			developmentRegion = en;
			hasScannedForEncodings = 0;
			knownRegions = (
				en,
				Base,
			);
			mainGroup = BFC1CDEC278C82540033E3DA;
			productRefGroup = BFC1CDF6278C82540033E3DA /* Products */;
			projectDirPath = "";
			projectRoot = "";
			targets = (
				BFC1CDF4278C82540033E3DA /* ui swift app */,
			);
		};
/* End PBXProject section */

/* Begin PBXResourcesBuildPhase section */
		BFC1CDF3278C82540033E3DA /* Resources */ = {
			isa = PBXResourcesBuildPhase;
			buildActionMask = 2147483647;
			files = (
				BFC1CE00278C82560033E3DA /* Preview Assets.xcassets in Resources */,
				BFC1CDFD278C82560033E3DA /* Assets.xcassets in Resources */,
			);
			runOnlyForDeploymentPostprocessing = 0;
		};
/* End PBXResourcesBuildPhase section */

/* Begin PBXSourcesBuildPhase section */
		BFC1CDF1278C82540033E3DA /* Sources */ = {
			isa = PBXSourcesBuildPhase;
			buildActionMask = 2147483647;
			files = (
				BFDFD0AA278DD1BF00684C4A /* RingView.swift in Sources */,
				BFC1CDFB278C82540033E3DA /* ContentView.swift in Sources */,
				BFDFD0A8278DBF6D00684C4A /* homeMain.swift in Sources */,
				BFDFD0A6278DB55000684C4A /* homeView.swift in Sources */,
				BFC1CE07278CC6B90033E3DA /* MenuView.swift in Sources */,
				BFC1CDF9278C82540033E3DA /* ui_swift_appApp.swift in Sources */,
			);
			runOnlyForDeploymentPostprocessing = 0;
		};
/* End PBXSourcesBuildPhase section */

/* Begin XCBuildConfiguration section */
		BFC1CE01278C82560033E3DA /* Debug */ = {
			isa = XCBuildConfiguration;
			buildSettings = {
				ALWAYS_SEARCH_USER_PATHS = NO;
				CLANG_ANALYZER_NONNULL = YES;
				CLANG_ANALYZER_NUMBER_OBJECT_CONVERSION = YES_AGGRESSIVE;
				CLANG_CXX_LANGUAGE_STANDARD = "gnu++17";
				CLANG_CXX_LIBRARY = "libc++";
				CLANG_ENABLE_MODULES = YES;
				CLANG_ENABLE_OBJC_ARC = YES;
				CLANG_ENABLE_OBJC_WEAK = YES;
				CLANG_WARN_BLOCK_CAPTURE_AUTORELEASING = YES;
				CLANG_WARN_BOOL_CONVERSION = YES;
				CLANG_WARN_COMMA = YES;
				CLANG_WARN_CONSTANT_CONVERSION = YES;
				CLANG_WARN_DEPRECATED_OBJC_IMPLEMENTATIONS = YES;
				CLANG_WARN_DIRECT_OBJC_ISA_USAGE = YES_ERROR;
				CLANG_WARN_DOCUMENTATION_COMMENTS = YES;
				CLANG_WARN_EMPTY_BODY = YES;
				CLANG_WARN_ENUM_CONVERSION = YES;
				CLANG_WARN_INFINITE_RECURSION = YES;
				CLANG_WARN_INT_CONVERSION = YES;
				CLANG_WARN_NON_LITERAL_NULL_CONVERSION = YES;
				CLANG_WARN_OBJC_IMPLICIT_RETAIN_SELF = YES;
				CLANG_WARN_OBJC_LITERAL_CONVERSION = YES;
				CLANG_WARN_OBJC_ROOT_CLASS = YES_ERROR;
				CLANG_WARN_QUOTED_INCLUDE_IN_FRAMEWORK_HEADER = YES;
				CLANG_WARN_RANGE_LOOP_ANALYSIS = YES;
				CLANG_WARN_STRICT_PROTOTYPES = YES;
				CLANG_WARN_SUSPICIOUS_MOVE = YES;
				CLANG_WARN_UNGUARDED_AVAILABILITY = YES_AGGRESSIVE;
				CLANG_WARN_UNREACHABLE_CODE = YES;
				CLANG_WARN__DUPLICATE_METHOD_MATCH = YES;
				COPY_PHASE_STRIP = NO;
				DEBUG_INFORMATION_FORMAT = dwarf;
				ENABLE_STRICT_OBJC_MSGSEND = YES;
				ENABLE_TESTABILITY = YES;
				GCC_C_LANGUAGE_STANDARD = gnu11;
				GCC_DYNAMIC_NO_PIC = NO;
				GCC_NO_COMMON_BLOCKS = YES;
				GCC_OPTIMIZATION_LEVEL = 0;
				GCC_PREPROCESSOR_DEFINITIONS = (
					"DEBUG=1",
					"$(inherited)",
				);
				GCC_WARN_64_TO_32_BIT_CONVERSION = YES;
				GCC_WARN_ABOUT_RETURN_TYPE = YES_ERROR;
				GCC_WARN_UNDECLARED_SELECTOR = YES;
				GCC_WARN_UNINITIALIZED_AUTOS = YES_AGGRESSIVE;
				GCC_WARN_UNUSED_FUNCTION = YES;
				GCC_WARN_UNUSED_VARIABLE = YES;
				IPHONEOS_DEPLOYMENT_TARGET = 15.2;
				MTL_ENABLE_DEBUG_INFO = INCLUDE_SOURCE;
				MTL_FAST_MATH = YES;
				ONLY_ACTIVE_ARCH = YES;
				SDKROOT = iphoneos;
				SWIFT_ACTIVE_COMPILATION_CONDITIONS = DEBUG;
				SWIFT_OPTIMIZATION_LEVEL = "-Onone";
			};
			name = Debug;
		};
		BFC1CE02278C82560033E3DA /* Release */ = {
			isa = XCBuildConfiguration;
			buildSettings = {
				ALWAYS_SEARCH_USER_PATHS = NO;
				CLANG_ANALYZER_NONNULL = YES;
				CLANG_ANALYZER_NUMBER_OBJECT_CONVERSION = YES_AGGRESSIVE;
				CLANG_CXX_LANGUAGE_STANDARD = "gnu++17";
				CLANG_CXX_LIBRARY = "libc++";
				CLANG_ENABLE_MODULES = YES;
				CLANG_ENABLE_OBJC_ARC = YES;
				CLANG_ENABLE_OBJC_WEAK = YES;
				CLANG_WARN_BLOCK_CAPTURE_AUTORELEASING = YES;
				CLANG_WARN_BOOL_CONVERSION = YES;
				CLANG_WARN_COMMA = YES;
				CLANG_WARN_CONSTANT_CONVERSION = YES;
				CLANG_WARN_DEPRECATED_OBJC_IMPLEMENTATIONS = YES;
				CLANG_WARN_DIRECT_OBJC_ISA_USAGE = YES_ERROR;
				CLANG_WARN_DOCUMENTATION_COMMENTS = YES;
				CLANG_WARN_EMPTY_BODY = YES;
				CLANG_WARN_ENUM_CONVERSION = YES;
				CLANG_WARN_INFINITE_RECURSION = YES;
				CLANG_WARN_INT_CONVERSION = YES;
				CLANG_WARN_NON_LITERAL_NULL_CONVERSION = YES;
				CLANG_WARN_OBJC_IMPLICIT_RETAIN_SELF = YES;
				CLANG_WARN_OBJC_LITERAL_CONVERSION = YES;
				CLANG_WARN_OBJC_ROOT_CLASS = YES_ERROR;
				CLANG_WARN_QUOTED_INCLUDE_IN_FRAMEWORK_HEADER = YES;
				CLANG_WARN_RANGE_LOOP_ANALYSIS = YES;
				CLANG_WARN_STRICT_PROTOTYPES = YES;
				CLANG_WARN_SUSPICIOUS_MOVE = YES;
				CLANG_WARN_UNGUARDED_AVAILABILITY = YES_AGGRESSIVE;
				CLANG_WARN_UNREACHABLE_CODE = YES;
				CLANG_WARN__DUPLICATE_METHOD_MATCH = YES;
				COPY_PHASE_STRIP = NO;
				DEBUG_INFORMATION_FORMAT = "dwarf-with-dsym";
				ENABLE_NS_ASSERTIONS = NO;
				ENABLE_STRICT_OBJC_MSGSEND = YES;
				GCC_C_LANGUAGE_STANDARD = gnu11;
				GCC_NO_COMMON_BLOCKS = YES;
				GCC_WARN_64_TO_32_BIT_CONVERSION = YES;
				GCC_WARN_ABOUT_RETURN_TYPE = YES_ERROR;
				GCC_WARN_UNDECLARED_SELECTOR = YES;
				GCC_WARN_UNINITIALIZED_AUTOS = YES_AGGRESSIVE;
				GCC_WARN_UNUSED_FUNCTION = YES;
				GCC_WARN_UNUSED_VARIABLE = YES;
				IPHONEOS_DEPLOYMENT_TARGET = 15.2;
				MTL_ENABLE_DEBUG_INFO = NO;
				MTL_FAST_MATH = YES;
				SDKROOT = iphoneos;
				SWIFT_COMPILATION_MODE = wholemodule;
				SWIFT_OPTIMIZATION_LEVEL = "-O";
				VALIDATE_PRODUCT = YES;
			};
			name = Release;
		};
		BFC1CE04278C82560033E3DA /* Debug */ = {
			isa = XCBuildConfiguration;
			buildSettings = {
				ASSETCATALOG_COMPILER_APPICON_NAME = AppIcon;
				ASSETCATALOG_COMPILER_GLOBAL_ACCENT_COLOR_NAME = AccentColor;
				CODE_SIGN_STYLE = Automatic;
				CURRENT_PROJECT_VERSION = 1;
				DEVELOPMENT_ASSET_PATHS = "\"ui swift app/Preview Content\"";
				DEVELOPMENT_TEAM = WN5VMWRJC6;
				ENABLE_PREVIEWS = YES;
				GENERATE_INFOPLIST_FILE = YES;
				INFOPLIST_KEY_UIApplicationSceneManifest_Generation = YES;
				INFOPLIST_KEY_UIApplicationSupportsIndirectInputEvents = YES;
				INFOPLIST_KEY_UILaunchScreen_Generation = YES;
				INFOPLIST_KEY_UISupportedInterfaceOrientations_iPad = "UIInterfaceOrientationPortrait UIInterfaceOrientationPortraitUpsideDown UIInterfaceOrientationLandscapeLeft UIInterfaceOrientationLandscapeRight";
				INFOPLIST_KEY_UISupportedInterfaceOrientations_iPhone = "UIInterfaceOrientationPortrait UIInterfaceOrientationLandscapeLeft UIInterfaceOrientationLandscapeRight";
				LD_RUNPATH_SEARCH_PATHS = (
					"$(inherited)",
					"@executable_path/Frameworks",
				);
				MARKETING_VERSION = 1.0;
				PRODUCT_BUNDLE_IDENTIFIER = "tatsiana.ui-swift-app";
				PRODUCT_NAME = "$(TARGET_NAME)";
				SWIFT_EMIT_LOC_STRINGS = YES;
				SWIFT_VERSION = 5.0;
				TARGETED_DEVICE_FAMILY = "1,2";
			};
			name = Debug;
		};
		BFC1CE05278C82560033E3DA /* Release */ = {
			isa = XCBuildConfiguration;
			buildSettings = {
				ASSETCATALOG_COMPILER_APPICON_NAME = AppIcon;
				ASSETCATALOG_COMPILER_GLOBAL_ACCENT_COLOR_NAME = AccentColor;
				CODE_SIGN_STYLE = Automatic;
				CURRENT_PROJECT_VERSION = 1;
				DEVELOPMENT_ASSET_PATHS = "\"ui swift app/Preview Content\"";
				DEVELOPMENT_TEAM = WN5VMWRJC6;
				ENABLE_PREVIEWS = YES;
				GENERATE_INFOPLIST_FILE = YES;
				INFOPLIST_KEY_UIApplicationSceneManifest_Generation = YES;
				INFOPLIST_KEY_UIApplicationSupportsIndirectInputEvents = YES;
				INFOPLIST_KEY_UILaunchScreen_Generation = YES;
				INFOPLIST_KEY_UISupportedInterfaceOrientations_iPad = "UIInterfaceOrientationPortrait UIInterfaceOrientationPortraitUpsideDown UIInterfaceOrientationLandscapeLeft UIInterfaceOrientationLandscapeRight";
				INFOPLIST_KEY_UISupportedInterfaceOrientations_iPhone = "UIInterfaceOrientationPortrait UIInterfaceOrientationLandscapeLeft UIInterfaceOrientationLandscapeRight";
				LD_RUNPATH_SEARCH_PATHS = (
					"$(inherited)",
					"@executable_path/Frameworks",
				);
				MARKETING_VERSION = 1.0;
				PRODUCT_BUNDLE_IDENTIFIER = "tatsiana.ui-swift-app";
				PRODUCT_NAME = "$(TARGET_NAME)";
				SWIFT_EMIT_LOC_STRINGS = YES;
				SWIFT_VERSION = 5.0;
				TARGETED_DEVICE_FAMILY = "1,2";
			};
			name = Release;
		};
/* End XCBuildConfiguration section */

/* Begin XCConfigurationList section */
		BFC1CDF0278C82540033E3DA /* Build configuration list for PBXProject "ui swift app" */ = {
			isa = XCConfigurationList;
			buildConfigurations = (
				BFC1CE01278C82560033E3DA /* Debug */,
				BFC1CE02278C82560033E3DA /* Release */,
			);
			defaultConfigurationIsVisible = 0;
			defaultConfigurationName = Release;
		};
		BFC1CE03278C82560033E3DA /* Build configuration list for PBXNativeTarget "ui swift app" */ = {
			isa = XCConfigurationList;
			buildConfigurations = (
				BFC1CE04278C82560033E3DA /* Debug */,
				BFC1CE05278C82560033E3DA /* Release */,
			);
			defaultConfigurationIsVisible = 0;
			defaultConfigurationName = Release;
		};
/* End XCConfigurationList section */
	};
	rootObject = BFC1CDED278C82540033E3DA /* Project object */;
}
